# THIS IS AN AUTOGENERATED FILE. DO NOT EDIT THIS FILE DIRECTLY.
# yarn lockfile v1


"@actions/core@^1.2.6", "@actions/core@^1.6.0":
  "integrity" "sha512-NB1UAZomZlCV/LmJqkLhNTqtKfFXJZAUPcfl/zqG7EfsQdeUJtaWO98SGbuQ3pydJ3fHl2CvI/51OKYlCYYcaw=="
  "resolved" "https://registry.npmjs.org/@actions/core/-/core-1.6.0.tgz"
  "version" "1.6.0"
  dependencies:
    "@actions/http-client" "^1.0.11"

"@actions/exec@^1.0.0":
  "integrity" "sha512-4DPChWow9yc9W3WqEbUj8Nr86xkpyE29ZzWjXucHItclLbEW6jr80Zx4nqv18QL6KK65+cifiQZXvnqgTV6oHw=="
  "resolved" "https://registry.npmjs.org/@actions/exec/-/exec-1.0.4.tgz"
  "version" "1.0.4"
  dependencies:
    "@actions/io" "^1.0.1"

"@actions/http-client@^1.0.11", "@actions/http-client@^1.0.8":
  "integrity" "sha512-VRYHGQV1rqnROJqdMvGUbY/Kn8vriQe/F9HR2AlYHzmKuM/p3kjNuXhmdBfcVgsvRWTz5C5XW5xvndZrVBuAYg=="
  "resolved" "https://registry.npmjs.org/@actions/http-client/-/http-client-1.0.11.tgz"
  "version" "1.0.11"
  dependencies:
    "tunnel" "0.0.6"

"@actions/io@^1.0.1", "@actions/io@^1.1.1":
  "integrity" "sha512-Qi4JoKXjmE0O67wAOH6y0n26QXhMKMFo7GD/4IXNVcrtLjUlGjGuVys6pQgwF3ArfGTQu0XpqaNr0YhED2RaRA=="
  "resolved" "https://registry.npmjs.org/@actions/io/-/io-1.1.1.tgz"
  "version" "1.1.1"

"@actions/tool-cache@^1.7.1":
  "integrity" "sha512-y1xxxOhXaBUIUit3lhepmu/0xdgiTMpnZRLmVdtF0hTm521doi+MdRRRP62czHvM7wxH6epj4JPNJQ3iJpOrkQ=="
  "resolved" "https://registry.npmjs.org/@actions/tool-cache/-/tool-cache-1.7.1.tgz"
  "version" "1.7.1"
  dependencies:
    "@actions/core" "^1.2.6"
    "@actions/exec" "^1.0.0"
    "@actions/http-client" "^1.0.8"
    "@actions/io" "^1.1.1"
    "semver" "^6.1.0"
    "uuid" "^3.3.2"

"@types/node@^16.11.6":
  "integrity" "sha512-ua7PgUoeQFjmWPcoo9khiPum3Pd60k4/2ZGXt18sm2Slk0W0xZTqt5Y0Ny1NyBiN1EVQ/+FaF9NcY4Qe6rwk5w=="
  "resolved" "https://registry.npmjs.org/@types/node/-/node-16.11.6.tgz"
  "version" "16.11.6"

"@vercel/ncc@^0.31.1":
  "integrity" "sha512-g0FAxwdViI6UzsiVz5HssIHqjcPa1EHL6h+2dcJD893SoCJaGdqqgUF09xnMW6goWnnhbLvgiKlgJWrJa+7qYA=="
  "resolved" "https://registry.npmjs.org/@vercel/ncc/-/ncc-0.31.1.tgz"
  "version" "0.31.1"

"semver@^6.1.0":
  "integrity" "sha512-b39TBaTSfV6yBrapU89p5fKekE2m/NwnDocOVruQFS1/veMgdzuPcnOM34M6CwxW8jH/lxEa5rBoDeUwu5HHTw=="
  "resolved" "https://registry.npmjs.org/semver/-/semver-6.3.0.tgz"
  "version" "6.3.0"

"tunnel@0.0.6":
  "integrity" "sha512-1h/Lnq9yajKY2PEbBadPXj3VxsDDu844OnaAo52UVmIzIvwwtBPIuNvkjuzBlTWpfJyUbG3ez0KSBibQkj4ojg=="
  "resolved" "https://registry.npmjs.org/tunnel/-/tunnel-0.0.6.tgz"
  "version" "0.0.6"

"typescript@^4.4.4":
  "integrity" "sha512-DqGhF5IKoBl8WNf8C1gu8q0xZSInh9j1kJJMqT3a94w1JzVaBU4EXOSMrz9yDqMT0xt3selp83fuFMQ0uzv6qA=="
  "resolved" "https://registry.npmjs.org/typescript/-/typescript-4.4.4.tgz"
  "version" "4.4.4"

"uuid@^3.3.2":
  "integrity" "sha512-HjSDRw6gZE5JMggctHBcjVak08+KEVhSIiDzFnT9S9aegmp85S/bReBVTb4QTFaRNptJ9kuYaNhnbNEOkbKb/A=="
  "resolved" "https://registry.npmjs.org/uuid/-/uuid-3.4.0.tgz"
  "version" "3.4.0"
